
Microsoft Visual Studio Solution File, Format Version 12.00
# Visual Studio 2013
VisualStudioVersion = 12.0.30324.0
MinimumVisualStudioVersion = 10.0.40219.1
Project("{FAE04EC0-301F-11D3-BF4B-00C04F79EFBC}") = "CodeRinseRepeat.Chicken", "CodeRinseRepeat.Chicken\CodeRinseRepeat.Chicken.csproj", "{09E04CFB-E055-4952-AA3B-299CA1DC771F}"
EndProject
Global
	GlobalSection(SolutionConfigurationPlatforms) = preSolution
		Debug|Any CPU = Debug|Any CPU
		Release|Any CPU = Release|Any CPU
	EndGlobalSection
	GlobalSection(ProjectConfigurationPlatforms) = postSolution
		{09E04CFB-E055-4952-AA3B-299CA1DC771F}.Debug|Any CPU.ActiveCfg = Debug|Any CPU
		{09E04CFB-E055-4952-AA3B-299CA1DC771F}.Debug|Any CPU.Build.0 = Debug|Any CPU
		{09E04CFB-E055-4952-AA3B-299CA1DC771F}.Release|Any CPU.ActiveCfg = Release|Any CPU
		{09E04CFB-E055-4952-AA3B-299CA1DC771F}.Release|Any CPU.Build.0 = Release|Any CPU
	EndGlobalSection
	GlobalSection(SolutionProperties) = preSolution
		HideSolutionNode = FALSE
	EndGlobalSection
EndGlobal
